
Microsoft Visual Studio Solution File, Format Version 12.00
# Visual Studio 15
VisualStudioVersion = 15.0.26730.16
MinimumVisualStudioVersion = 10.0.40219.1
Project("{9A19103F-16F7-4668-BE54-9A1E7A4F7556}") = "UgoChain", "UgoChain\UgoChain.csproj", "{F5E65E4C-12DA-4BE4-A6C4-663E71D11EB9}"
EndProject
Project("{9A19103F-16F7-4668-BE54-9A1E7A4F7556}") = "UgoChain.Tests", "UgoChain.Tests\UgoChain.Tests.csproj", "{5523EE03-458D-42DA-9C9D-232B5049AC6C}"
EndProject
Project("{9A19103F-16F7-4668-BE54-9A1E7A4F7556}") = "UgoChainApp", "UgoChainApp\UgoChainApp.csproj", "{3626B422-C40E-4E6E-8FEA-1C48E70BE494}"
EndProject
Project("{9A19103F-16F7-4668-BE54-9A1E7A4F7556}") = "UgoChain.Api", "UgoChain.Api\UgoChain.Api.csproj", "{1E99CEEE-B744-479D-B254-194D60D1DAC9}"
EndProject
Project("{9A19103F-16F7-4668-BE54-9A1E7A4F7556}") = "UgoChain.Api.Client", "UgoChain.Api.Client\UgoChain.Api.Client.csproj", "{8F0C1943-CD4A-472E-9849-C8540F7B42C7}"
EndProject
Project("{2150E333-8FDC-42A3-9474-1A3956D46DE8}") = "Peers", "Peers", "{77E26E90-519C-4FAA-9496-63ED017D67B6}"
EndProject
Project("{9A19103F-16F7-4668-BE54-9A1E7A4F7556}") = "UgoChain.Api.PeerOneServer", "UgoChain.Api.PeerOneSever\UgoChain.Api.PeerOneServer.csproj", "{340B6242-7F39-4C78-A945-7F538CEBC5F4}"
EndProject
Project("{2150E333-8FDC-42A3-9474-1A3956D46DE8}") = "PeerOne", "PeerOne", "{F500B13F-1DB3-4351-8893-AC479EA0D2F1}"
EndProject
Project("{2150E333-8FDC-42A3-9474-1A3956D46DE8}") = "PeerTwo", "PeerTwo", "{524FCF7F-8368-4C80-BE33-0FEBA8458A01}"
EndProject
Project("{9A19103F-16F7-4668-BE54-9A1E7A4F7556}") = "UgoChain.Api.PeerOneClient", "UgoChain.Api.PeerOneClient\UgoChain.Api.PeerOneClient.csproj", "{3EF8851F-F14E-41E3-98CD-4A4A9F47540D}"
EndProject
Project("{9A19103F-16F7-4668-BE54-9A1E7A4F7556}") = "Ugochain.PeerOne.Features", "Ugochain.PeerOne.Features\Ugochain.PeerOne.Features.csproj", "{BA70DEED-E0F2-4978-86B0-0A8CCA272987}"
EndProject
Project("{9A19103F-16F7-4668-BE54-9A1E7A4F7556}") = "UgoChain.Api.PeerTwoServer", "UgoChain.Api.PeerTwoServer\UgoChain.Api.PeerTwoServer.csproj", "{EC1DA725-79E9-45DB-81C0-2B3AAA4BEBA5}"
EndProject
Project("{9A19103F-16F7-4668-BE54-9A1E7A4F7556}") = "UgoChain.Api.PeerTwoClient", "UgoChain.Api.PeerTwoClient\UgoChain.Api.PeerTwoClient.csproj", "{68AE340C-46F9-4AA4-AA75-B968820E7D32}"
EndProject
Project("{9A19103F-16F7-4668-BE54-9A1E7A4F7556}") = "UgoChain.PeerTwo.Features", "UgoChain.PeerTwo.Features\UgoChain.PeerTwo.Features.csproj", "{0BD26221-04A5-4291-8C83-7E5CB0E0314F}"
EndProject
Project("{2150E333-8FDC-42A3-9474-1A3956D46DE8}") = "MainPeer", "MainPeer", "{70192424-8505-436A-8C3D-781FC849B867}"
EndProject
Project("{2150E333-8FDC-42A3-9474-1A3956D46DE8}") = "Solution Items", "Solution Items", "{B1B6117F-2926-40DD-ADE5-BD02A7B1C857}"
	ProjectSection(SolutionItems) = preProject
		.dockerignore = .dockerignore
		Dockerfile = Dockerfile
		ToDo.txt = ToDo.txt
	EndProjectSection
EndProject
Global
	GlobalSection(SolutionConfigurationPlatforms) = preSolution
		Debug|Any CPU = Debug|Any CPU
		Release|Any CPU = Release|Any CPU
	EndGlobalSection
	GlobalSection(ProjectConfigurationPlatforms) = postSolution
		{F5E65E4C-12DA-4BE4-A6C4-663E71D11EB9}.Debug|Any CPU.ActiveCfg = Debug|Any CPU
		{F5E65E4C-12DA-4BE4-A6C4-663E71D11EB9}.Debug|Any CPU.Build.0 = Debug|Any CPU
		{F5E65E4C-12DA-4BE4-A6C4-663E71D11EB9}.Release|Any CPU.ActiveCfg = Release|Any CPU
		{F5E65E4C-12DA-4BE4-A6C4-663E71D11EB9}.Release|Any CPU.Build.0 = Release|Any CPU
		{5523EE03-458D-42DA-9C9D-232B5049AC6C}.Debug|Any CPU.ActiveCfg = Debug|Any CPU
		{5523EE03-458D-42DA-9C9D-232B5049AC6C}.Debug|Any CPU.Build.0 = Debug|Any CPU
		{5523EE03-458D-42DA-9C9D-232B5049AC6C}.Release|Any CPU.ActiveCfg = Release|Any CPU
		{5523EE03-458D-42DA-9C9D-232B5049AC6C}.Release|Any CPU.Build.0 = Release|Any CPU
		{3626B422-C40E-4E6E-8FEA-1C48E70BE494}.Debug|Any CPU.ActiveCfg = Debug|Any CPU
		{3626B422-C40E-4E6E-8FEA-1C48E70BE494}.Debug|Any CPU.Build.0 = Debug|Any CPU
		{3626B422-C40E-4E6E-8FEA-1C48E70BE494}.Release|Any CPU.ActiveCfg = Release|Any CPU
		{3626B422-C40E-4E6E-8FEA-1C48E70BE494}.Release|Any CPU.Build.0 = Release|Any CPU
		{1E99CEEE-B744-479D-B254-194D60D1DAC9}.Debug|Any CPU.ActiveCfg = Debug|Any CPU
		{1E99CEEE-B744-479D-B254-194D60D1DAC9}.Debug|Any CPU.Build.0 = Debug|Any CPU
		{1E99CEEE-B744-479D-B254-194D60D1DAC9}.Release|Any CPU.ActiveCfg = Release|Any CPU
		{1E99CEEE-B744-479D-B254-194D60D1DAC9}.Release|Any CPU.Build.0 = Release|Any CPU
		{8F0C1943-CD4A-472E-9849-C8540F7B42C7}.Debug|Any CPU.ActiveCfg = Debug|Any CPU
		{8F0C1943-CD4A-472E-9849-C8540F7B42C7}.Debug|Any CPU.Build.0 = Debug|Any CPU
		{8F0C1943-CD4A-472E-9849-C8540F7B42C7}.Release|Any CPU.ActiveCfg = Release|Any CPU
		{8F0C1943-CD4A-472E-9849-C8540F7B42C7}.Release|Any CPU.Build.0 = Release|Any CPU
		{340B6242-7F39-4C78-A945-7F538CEBC5F4}.Debug|Any CPU.ActiveCfg = Debug|Any CPU
		{340B6242-7F39-4C78-A945-7F538CEBC5F4}.Debug|Any CPU.Build.0 = Debug|Any CPU
		{340B6242-7F39-4C78-A945-7F538CEBC5F4}.Release|Any CPU.ActiveCfg = Release|Any CPU
		{340B6242-7F39-4C78-A945-7F538CEBC5F4}.Release|Any CPU.Build.0 = Release|Any CPU
		{3EF8851F-F14E-41E3-98CD-4A4A9F47540D}.Debug|Any CPU.ActiveCfg = Debug|Any CPU
		{3EF8851F-F14E-41E3-98CD-4A4A9F47540D}.Debug|Any CPU.Build.0 = Debug|Any CPU
		{3EF8851F-F14E-41E3-98CD-4A4A9F47540D}.Release|Any CPU.ActiveCfg = Release|Any CPU
		{3EF8851F-F14E-41E3-98CD-4A4A9F47540D}.Release|Any CPU.Build.0 = Release|Any CPU
		{BA70DEED-E0F2-4978-86B0-0A8CCA272987}.Debug|Any CPU.ActiveCfg = Debug|Any CPU
		{BA70DEED-E0F2-4978-86B0-0A8CCA272987}.Debug|Any CPU.Build.0 = Debug|Any CPU
		{BA70DEED-E0F2-4978-86B0-0A8CCA272987}.Release|Any CPU.ActiveCfg = Release|Any CPU
		{BA70DEED-E0F2-4978-86B0-0A8CCA272987}.Release|Any CPU.Build.0 = Release|Any CPU
		{EC1DA725-79E9-45DB-81C0-2B3AAA4BEBA5}.Debug|Any CPU.ActiveCfg = Debug|Any CPU
		{EC1DA725-79E9-45DB-81C0-2B3AAA4BEBA5}.Debug|Any CPU.Build.0 = Debug|Any CPU
		{EC1DA725-79E9-45DB-81C0-2B3AAA4BEBA5}.Release|Any CPU.ActiveCfg = Release|Any CPU
		{EC1DA725-79E9-45DB-81C0-2B3AAA4BEBA5}.Release|Any CPU.Build.0 = Release|Any CPU
		{68AE340C-46F9-4AA4-AA75-B968820E7D32}.Debug|Any CPU.ActiveCfg = Debug|Any CPU
		{68AE340C-46F9-4AA4-AA75-B968820E7D32}.Debug|Any CPU.Build.0 = Debug|Any CPU
		{68AE340C-46F9-4AA4-AA75-B968820E7D32}.Release|Any CPU.ActiveCfg = Release|Any CPU
		{68AE340C-46F9-4AA4-AA75-B968820E7D32}.Release|Any CPU.Build.0 = Release|Any CPU
		{0BD26221-04A5-4291-8C83-7E5CB0E0314F}.Debug|Any CPU.ActiveCfg = Debug|Any CPU
		{0BD26221-04A5-4291-8C83-7E5CB0E0314F}.Debug|Any CPU.Build.0 = Debug|Any CPU
		{0BD26221-04A5-4291-8C83-7E5CB0E0314F}.Release|Any CPU.ActiveCfg = Release|Any CPU
		{0BD26221-04A5-4291-8C83-7E5CB0E0314F}.Release|Any CPU.Build.0 = Release|Any CPU
	EndGlobalSection
	GlobalSection(SolutionProperties) = preSolution
		HideSolutionNode = FALSE
	EndGlobalSection
	GlobalSection(NestedProjects) = preSolution
		{F5E65E4C-12DA-4BE4-A6C4-663E71D11EB9} = {70192424-8505-436A-8C3D-781FC849B867}
		{5523EE03-458D-42DA-9C9D-232B5049AC6C} = {70192424-8505-436A-8C3D-781FC849B867}
		{3626B422-C40E-4E6E-8FEA-1C48E70BE494} = {70192424-8505-436A-8C3D-781FC849B867}
		{1E99CEEE-B744-479D-B254-194D60D1DAC9} = {70192424-8505-436A-8C3D-781FC849B867}
		{8F0C1943-CD4A-472E-9849-C8540F7B42C7} = {70192424-8505-436A-8C3D-781FC849B867}
		{340B6242-7F39-4C78-A945-7F538CEBC5F4} = {F500B13F-1DB3-4351-8893-AC479EA0D2F1}
		{F500B13F-1DB3-4351-8893-AC479EA0D2F1} = {77E26E90-519C-4FAA-9496-63ED017D67B6}
		{524FCF7F-8368-4C80-BE33-0FEBA8458A01} = {77E26E90-519C-4FAA-9496-63ED017D67B6}
		{3EF8851F-F14E-41E3-98CD-4A4A9F47540D} = {F500B13F-1DB3-4351-8893-AC479EA0D2F1}
		{BA70DEED-E0F2-4978-86B0-0A8CCA272987} = {F500B13F-1DB3-4351-8893-AC479EA0D2F1}
		{EC1DA725-79E9-45DB-81C0-2B3AAA4BEBA5} = {524FCF7F-8368-4C80-BE33-0FEBA8458A01}
		{68AE340C-46F9-4AA4-AA75-B968820E7D32} = {524FCF7F-8368-4C80-BE33-0FEBA8458A01}
		{0BD26221-04A5-4291-8C83-7E5CB0E0314F} = {524FCF7F-8368-4C80-BE33-0FEBA8458A01}
	EndGlobalSection
	GlobalSection(ExtensibilityGlobals) = postSolution
		SolutionGuid = {827BA87E-A00C-45B4-B5CA-646819A457CF}
	EndGlobalSection
EndGlobal
