
Microsoft Visual Studio Solution File, Format Version 12.00
# Visual Studio 15
VisualStudioVersion = 15.0.26730.16
MinimumVisualStudioVersion = 10.0.40219.1
Project("{9A19103F-16F7-4668-BE54-9A1E7A4F7556}") = "UgoChain", "UgoChain\UgoChain.csproj", "{F5E65E4C-12DA-4BE4-A6C4-663E71D11EB9}"
EndProject
Project("{9A19103F-16F7-4668-BE54-9A1E7A4F7556}") = "UgoChain.Tests", "UgoChain.Tests\UgoChain.Tests.csproj", "{5523EE03-458D-42DA-9C9D-232B5049AC6C}"
EndProject
Project("{9A19103F-16F7-4668-BE54-9A1E7A4F7556}") = "UgoChainApp", "UgoChainApp\UgoChainApp.csproj", "{3626B422-C40E-4E6E-8FEA-1C48E70BE494}"
EndProject
Project("{9A19103F-16F7-4668-BE54-9A1E7A4F7556}") = "UgoChain.Api", "UgoChain.Api\UgoChain.Api.csproj", "{1E99CEEE-B744-479D-B254-194D60D1DAC9}"
EndProject
Project("{FAE04EC0-301F-11D3-BF4B-00C04F79EFBC}") = "UgoChain.Api.Client", "UgoChain.Api.Client\UgoChain.Api.Client.csproj", "{8F0C1943-CD4A-472E-9849-C8540F7B42C7}"
EndProject
Global
	GlobalSection(SolutionConfigurationPlatforms) = preSolution
		Debug|Any CPU = Debug|Any CPU
		Release|Any CPU = Release|Any CPU
	EndGlobalSection
	GlobalSection(ProjectConfigurationPlatforms) = postSolution
		{F5E65E4C-12DA-4BE4-A6C4-663E71D11EB9}.Debug|Any CPU.ActiveCfg = Debug|Any CPU
		{F5E65E4C-12DA-4BE4-A6C4-663E71D11EB9}.Debug|Any CPU.Build.0 = Debug|Any CPU
		{F5E65E4C-12DA-4BE4-A6C4-663E71D11EB9}.Release|Any CPU.ActiveCfg = Release|Any CPU
		{F5E65E4C-12DA-4BE4-A6C4-663E71D11EB9}.Release|Any CPU.Build.0 = Release|Any CPU
		{5523EE03-458D-42DA-9C9D-232B5049AC6C}.Debug|Any CPU.ActiveCfg = Debug|Any CPU
		{5523EE03-458D-42DA-9C9D-232B5049AC6C}.Debug|Any CPU.Build.0 = Debug|Any CPU
		{5523EE03-458D-42DA-9C9D-232B5049AC6C}.Release|Any CPU.ActiveCfg = Release|Any CPU
		{5523EE03-458D-42DA-9C9D-232B5049AC6C}.Release|Any CPU.Build.0 = Release|Any CPU
		{3626B422-C40E-4E6E-8FEA-1C48E70BE494}.Debug|Any CPU.ActiveCfg = Debug|Any CPU
		{3626B422-C40E-4E6E-8FEA-1C48E70BE494}.Debug|Any CPU.Build.0 = Debug|Any CPU
		{3626B422-C40E-4E6E-8FEA-1C48E70BE494}.Release|Any CPU.ActiveCfg = Release|Any CPU
		{3626B422-C40E-4E6E-8FEA-1C48E70BE494}.Release|Any CPU.Build.0 = Release|Any CPU
		{1E99CEEE-B744-479D-B254-194D60D1DAC9}.Debug|Any CPU.ActiveCfg = Debug|Any CPU
		{1E99CEEE-B744-479D-B254-194D60D1DAC9}.Debug|Any CPU.Build.0 = Debug|Any CPU
		{1E99CEEE-B744-479D-B254-194D60D1DAC9}.Release|Any CPU.ActiveCfg = Release|Any CPU
		{1E99CEEE-B744-479D-B254-194D60D1DAC9}.Release|Any CPU.Build.0 = Release|Any CPU
		{8F0C1943-CD4A-472E-9849-C8540F7B42C7}.Debug|Any CPU.ActiveCfg = Debug|Any CPU
		{8F0C1943-CD4A-472E-9849-C8540F7B42C7}.Debug|Any CPU.Build.0 = Debug|Any CPU
		{8F0C1943-CD4A-472E-9849-C8540F7B42C7}.Release|Any CPU.ActiveCfg = Release|Any CPU
		{8F0C1943-CD4A-472E-9849-C8540F7B42C7}.Release|Any CPU.Build.0 = Release|Any CPU
	EndGlobalSection
	GlobalSection(SolutionProperties) = preSolution
		HideSolutionNode = FALSE
	EndGlobalSection
	GlobalSection(ExtensibilityGlobals) = postSolution
		SolutionGuid = {827BA87E-A00C-45B4-B5CA-646819A457CF}
	EndGlobalSection
EndGlobal
